// !$*UTF8*$!
{
	archiveVersion = 1;
	classes = {
	};
	objectVersion = 56;
	objects = {

/* Begin PBXBuildFile section */
		4A06C31D291007EB00189C6E /* AppDelegate.swift in Sources */ = {isa = PBXBuildFile; fileRef = 4A06C31C291007EB00189C6E /* AppDelegate.swift */; };
		4A06C31F291007EB00189C6E /* SceneDelegate.swift in Sources */ = {isa = PBXBuildFile; fileRef = 4A06C31E291007EB00189C6E /* SceneDelegate.swift */; };
		4A06C321291007EB00189C6E /* ViewController.swift in Sources */ = {isa = PBXBuildFile; fileRef = 4A06C320291007EB00189C6E /* ViewController.swift */; };
		4A06C324291007EB00189C6E /* Main.storyboard in Resources */ = {isa = PBXBuildFile; fileRef = 4A06C322291007EB00189C6E /* Main.storyboard */; };
		4A06C327291007EB00189C6E /* ShoppingCartProgram.xcdatamodeld in Sources */ = {isa = PBXBuildFile; fileRef = 4A06C325291007EB00189C6E /* ShoppingCartProgram.xcdatamodeld */; };
		4A06C329291007EB00189C6E /* Assets.xcassets in Resources */ = {isa = PBXBuildFile; fileRef = 4A06C328291007EB00189C6E /* Assets.xcassets */; };
		4A06C32C291007EB00189C6E /* LaunchScreen.storyboard in Resources */ = {isa = PBXBuildFile; fileRef = 4A06C32A291007EB00189C6E /* LaunchScreen.storyboard */; };
		4A06C337291007EB00189C6E /* ShoppingCartProgramTests.swift in Sources */ = {isa = PBXBuildFile; fileRef = 4A06C336291007EB00189C6E /* ShoppingCartProgramTests.swift */; };
		4A06C341291007EC00189C6E /* ShoppingCartProgramUITests.swift in Sources */ = {isa = PBXBuildFile; fileRef = 4A06C340291007EC00189C6E /* ShoppingCartProgramUITests.swift */; };
		4A06C343291007EC00189C6E /* ShoppingCartProgramUITestsLaunchTests.swift in Sources */ = {isa = PBXBuildFile; fileRef = 4A06C342291007EC00189C6E /* ShoppingCartProgramUITestsLaunchTests.swift */; };
/* End PBXBuildFile section */

/* Begin PBXContainerItemProxy section */
		4A06C333291007EB00189C6E /* PBXContainerItemProxy */ = {
			isa = PBXContainerItemProxy;
			containerPortal = 4A06C311291007EB00189C6E /* Project object */;
			proxyType = 1;
			remoteGlobalIDString = 4A06C318291007EB00189C6E;
			remoteInfo = ShoppingCartProgram;
		};
		4A06C33D291007EC00189C6E /* PBXContainerItemProxy */ = {
			isa = PBXContainerItemProxy;
			containerPortal = 4A06C311291007EB00189C6E /* Project object */;
			proxyType = 1;
			remoteGlobalIDString = 4A06C318291007EB00189C6E;
			remoteInfo = ShoppingCartProgram;
		};
/* End PBXContainerItemProxy section */

/* Begin PBXFileReference section */
		4A06C319291007EB00189C6E /* ShoppingCartProgram.app */ = {isa = PBXFileReference; explicitFileType = wrapper.application; includeInIndex = 0; path = ShoppingCartProgram.app; sourceTree = BUILT_PRODUCTS_DIR; };
		4A06C31C291007EB00189C6E /* AppDelegate.swift */ = {isa = PBXFileReference; lastKnownFileType = sourcecode.swift; path = AppDelegate.swift; sourceTree = "<group>"; };
		4A06C31E291007EB00189C6E /* SceneDelegate.swift */ = {isa = PBXFileReference; lastKnownFileType = sourcecode.swift; path = SceneDelegate.swift; sourceTree = "<group>"; };
		4A06C320291007EB00189C6E /* ViewController.swift */ = {isa = PBXFileReference; lastKnownFileType = sourcecode.swift; path = ViewController.swift; sourceTree = "<group>"; };
		4A06C323291007EB00189C6E /* Base */ = {isa = PBXFileReference; lastKnownFileType = file.storyboard; name = Base; path = Base.lproj/Main.storyboard; sourceTree = "<group>"; };
		4A06C326291007EB00189C6E /* ShoppingCartProgram.xcdatamodel */ = {isa = PBXFileReference; lastKnownFileType = wrapper.xcdatamodel; path = ShoppingCartProgram.xcdatamodel; sourceTree = "<group>"; };
		4A06C328291007EB00189C6E /* Assets.xcassets */ = {isa = PBXFileReference; lastKnownFileType = folder.assetcatalog; path = Assets.xcassets; sourceTree = "<group>"; };
		4A06C32B291007EB00189C6E /* Base */ = {isa = PBXFileReference; lastKnownFileType = file.storyboard; name = Base; path = Base.lproj/LaunchScreen.storyboard; sourceTree = "<group>"; };
		4A06C32D291007EB00189C6E /* Info.plist */ = {isa = PBXFileReference; lastKnownFileType = text.plist.xml; path = Info.plist; sourceTree = "<group>"; };
		4A06C332291007EB00189C6E /* ShoppingCartProgramTests.xctest */ = {isa = PBXFileReference; explicitFileType = wrapper.cfbundle; includeInIndex = 0; path = ShoppingCartProgramTests.xctest; sourceTree = BUILT_PRODUCTS_DIR; };
		4A06C336291007EB00189C6E /* ShoppingCartProgramTests.swift */ = {isa = PBXFileReference; lastKnownFileType = sourcecode.swift; path = ShoppingCartProgramTests.swift; sourceTree = "<group>"; };
		4A06C33C291007EC00189C6E /* ShoppingCartProgramUITests.xctest */ = {isa = PBXFileReference; explicitFileType = wrapper.cfbundle; includeInIndex = 0; path = ShoppingCartProgramUITests.xctest; sourceTree = BUILT_PRODUCTS_DIR; };
		4A06C340291007EC00189C6E /* ShoppingCartProgramUITests.swift */ = {isa = PBXFileReference; lastKnownFileType = sourcecode.swift; path = ShoppingCartProgramUITests.swift; sourceTree = "<group>"; };
		4A06C342291007EC00189C6E /* ShoppingCartProgramUITestsLaunchTests.swift */ = {isa = PBXFileReference; lastKnownFileType = sourcecode.swift; path = ShoppingCartProgramUITestsLaunchTests.swift; sourceTree = "<group>"; };
/* End PBXFileReference section */

/* Begin PBXFrameworksBuildPhase section */
		4A06C316291007EB00189C6E /* Frameworks */ = {
			isa = PBXFrameworksBuildPhase;
			buildActionMask = 2147483647;
			files = (
			);
			runOnlyForDeploymentPostprocessing = 0;
		};
		4A06C32F291007EB00189C6E /* Frameworks */ = {
			isa = PBXFrameworksBuildPhase;
			buildActionMask = 2147483647;
			files = (
			);
			runOnlyForDeploymentPostprocessing = 0;
		};
		4A06C339291007EC00189C6E /* Frameworks */ = {
			isa = PBXFrameworksBuildPhase;
			buildActionMask = 2147483647;
			files = (
			);
			runOnlyForDeploymentPostprocessing = 0;
		};
/* End PBXFrameworksBuildPhase section */

/* Begin PBXGroup section */
		4A06C310291007EB00189C6E = {
			isa = PBXGroup;
			children = (
				4A06C31B291007EB00189C6E /* ShoppingCartProgram */,
				4A06C335291007EB00189C6E /* ShoppingCartProgramTests */,
				4A06C33F291007EC00189C6E /* ShoppingCartProgramUITests */,
				4A06C31A291007EB00189C6E /* Products */,
			);
			sourceTree = "<group>";
		};
		4A06C31A291007EB00189C6E /* Products */ = {
			isa = PBXGroup;
			children = (
				4A06C319291007EB00189C6E /* ShoppingCartProgram.app */,
				4A06C332291007EB00189C6E /* ShoppingCartProgramTests.xctest */,
				4A06C33C291007EC00189C6E /* ShoppingCartProgramUITests.xctest */,
			);
			name = Products;
			sourceTree = "<group>";
		};
		4A06C31B291007EB00189C6E /* ShoppingCartProgram */ = {
			isa = PBXGroup;
			children = (
				4A06C31C291007EB00189C6E /* AppDelegate.swift */,
				4A06C31E291007EB00189C6E /* SceneDelegate.swift */,
				4A06C320291007EB00189C6E /* ViewController.swift */,
				4A06C322291007EB00189C6E /* Main.storyboard */,
				4A06C328291007EB00189C6E /* Assets.xcassets */,
				4A06C32A291007EB00189C6E /* LaunchScreen.storyboard */,
				4A06C32D291007EB00189C6E /* Info.plist */,
				4A06C325291007EB00189C6E /* ShoppingCartProgram.xcdatamodeld */,
			);
			path = ShoppingCartProgram;
			sourceTree = "<group>";
		};
		4A06C335291007EB00189C6E /* ShoppingCartProgramTests */ = {
			isa = PBXGroup;
			children = (
				4A06C336291007EB00189C6E /* ShoppingCartProgramTests.swift */,
			);
			path = ShoppingCartProgramTests;
			sourceTree = "<group>";
		};
		4A06C33F291007EC00189C6E /* ShoppingCartProgramUITests */ = {
			isa = PBXGroup;
			children = (
				4A06C340291007EC00189C6E /* ShoppingCartProgramUITests.swift */,
				4A06C342291007EC00189C6E /* ShoppingCartProgramUITestsLaunchTests.swift */,
			);
			path = ShoppingCartProgramUITests;
			sourceTree = "<group>";
		};
/* End PBXGroup section */

/* Begin PBXNativeTarget section */
		4A06C318291007EB00189C6E /* ShoppingCartProgram */ = {
			isa = PBXNativeTarget;
			buildConfigurationList = 4A06C346291007EC00189C6E /* Build configuration list for PBXNativeTarget "ShoppingCartProgram" */;
			buildPhases = (
				4A06C315291007EB00189C6E /* Sources */,
				4A06C316291007EB00189C6E /* Frameworks */,
				4A06C317291007EB00189C6E /* Resources */,
			);
			buildRules = (
			);
			dependencies = (
			);
			name = ShoppingCartProgram;
			productName = ShoppingCartProgram;
			productReference = 4A06C319291007EB00189C6E /* ShoppingCartProgram.app */;
			productType = "com.apple.product-type.application";
		};
		4A06C331291007EB00189C6E /* ShoppingCartProgramTests */ = {
			isa = PBXNativeTarget;
			buildConfigurationList = 4A06C349291007EC00189C6E /* Build configuration list for PBXNativeTarget "ShoppingCartProgramTests" */;
			buildPhases = (
				4A06C32E291007EB00189C6E /* Sources */,
				4A06C32F291007EB00189C6E /* Frameworks */,
				4A06C330291007EB00189C6E /* Resources */,
			);
			buildRules = (
			);
			dependencies = (
				4A06C334291007EB00189C6E /* PBXTargetDependency */,
			);
			name = ShoppingCartProgramTests;
			productName = ShoppingCartProgramTests;
			productReference = 4A06C332291007EB00189C6E /* ShoppingCartProgramTests.xctest */;
			productType = "com.apple.product-type.bundle.unit-test";
		};
		4A06C33B291007EC00189C6E /* ShoppingCartProgramUITests */ = {
			isa = PBXNativeTarget;
			buildConfigurationList = 4A06C34C291007EC00189C6E /* Build configuration list for PBXNativeTarget "ShoppingCartProgramUITests" */;
			buildPhases = (
				4A06C338291007EC00189C6E /* Sources */,
				4A06C339291007EC00189C6E /* Frameworks */,
				4A06C33A291007EC00189C6E /* Resources */,
			);
			buildRules = (
			);
			dependencies = (
				4A06C33E291007EC00189C6E /* PBXTargetDependency */,
			);
			name = ShoppingCartProgramUITests;
			productName = ShoppingCartProgramUITests;
			productReference = 4A06C33C291007EC00189C6E /* ShoppingCartProgramUITests.xctest */;
			productType = "com.apple.product-type.bundle.ui-testing";
		};
/* End PBXNativeTarget section */

/* Begin PBXProject section */
		4A06C311291007EB00189C6E /* Project object */ = {
			isa = PBXProject;
			attributes = {
				BuildIndependentTargetsInParallel = 1;
				LastSwiftUpdateCheck = 1400;
				LastUpgradeCheck = 1400;
				TargetAttributes = {
					4A06C318291007EB00189C6E = {
						CreatedOnToolsVersion = 14.0.1;
					};
					4A06C331291007EB00189C6E = {
						CreatedOnToolsVersion = 14.0.1;
						TestTargetID = 4A06C318291007EB00189C6E;
					};
					4A06C33B291007EC00189C6E = {
						CreatedOnToolsVersion = 14.0.1;
						TestTargetID = 4A06C318291007EB00189C6E;
					};
				};
			};
			buildConfigurationList = 4A06C314291007EB00189C6E /* Build configuration list for PBXProject "ShoppingCartProgram" */;
			compatibilityVersion = "Xcode 14.0";
			developmentRegion = en;
			hasScannedForEncodings = 0;
			knownRegions = (
				en,
				Base,
			);
			mainGroup = 4A06C310291007EB00189C6E;
			productRefGroup = 4A06C31A291007EB00189C6E /* Products */;
			projectDirPath = "";
			projectRoot = "";
			targets = (
				4A06C318291007EB00189C6E /* ShoppingCartProgram */,
				4A06C331291007EB00189C6E /* ShoppingCartProgramTests */,
				4A06C33B291007EC00189C6E /* ShoppingCartProgramUITests */,
			);
		};
/* End PBXProject section */

/* Begin PBXResourcesBuildPhase section */
		4A06C317291007EB00189C6E /* Resources */ = {
			isa = PBXResourcesBuildPhase;
			buildActionMask = 2147483647;
			files = (
				4A06C32C291007EB00189C6E /* LaunchScreen.storyboard in Resources */,
				4A06C329291007EB00189C6E /* Assets.xcassets in Resources */,
				4A06C324291007EB00189C6E /* Main.storyboard in Resources */,
			);
			runOnlyForDeploymentPostprocessing = 0;
		};
		4A06C330291007EB00189C6E /* Resources */ = {
			isa = PBXResourcesBuildPhase;
			buildActionMask = 2147483647;
			files = (
			);
			runOnlyForDeploymentPostprocessing = 0;
		};
		4A06C33A291007EC00189C6E /* Resources */ = {
			isa = PBXResourcesBuildPhase;
			buildActionMask = 2147483647;
			files = (
			);
			runOnlyForDeploymentPostprocessing = 0;
		};
/* End PBXResourcesBuildPhase section */

/* Begin PBXSourcesBuildPhase section */
		4A06C315291007EB00189C6E /* Sources */ = {
			isa = PBXSourcesBuildPhase;
			buildActionMask = 2147483647;
			files = (
				4A06C327291007EB00189C6E /* ShoppingCartProgram.xcdatamodeld in Sources */,
				4A06C321291007EB00189C6E /* ViewController.swift in Sources */,
				4A06C31D291007EB00189C6E /* AppDelegate.swift in Sources */,
				4A06C31F291007EB00189C6E /* SceneDelegate.swift in Sources */,
			);
			runOnlyForDeploymentPostprocessing = 0;
		};
		4A06C32E291007EB00189C6E /* Sources */ = {
			isa = PBXSourcesBuildPhase;
			buildActionMask = 2147483647;
			files = (
				4A06C337291007EB00189C6E /* ShoppingCartProgramTests.swift in Sources */,
			);
			runOnlyForDeploymentPostprocessing = 0;
		};
		4A06C338291007EC00189C6E /* Sources */ = {
			isa = PBXSourcesBuildPhase;
			buildActionMask = 2147483647;
			files = (
				4A06C341291007EC00189C6E /* ShoppingCartProgramUITests.swift in Sources */,
				4A06C343291007EC00189C6E /* ShoppingCartProgramUITestsLaunchTests.swift in Sources */,
			);
			runOnlyForDeploymentPostprocessing = 0;
		};
/* End PBXSourcesBuildPhase section */

/* Begin PBXTargetDependency section */
		4A06C334291007EB00189C6E /* PBXTargetDependency */ = {
			isa = PBXTargetDependency;
			target = 4A06C318291007EB00189C6E /* ShoppingCartProgram */;
			targetProxy = 4A06C333291007EB00189C6E /* PBXContainerItemProxy */;
		};
		4A06C33E291007EC00189C6E /* PBXTargetDependency */ = {
			isa = PBXTargetDependency;
			target = 4A06C318291007EB00189C6E /* ShoppingCartProgram */;
			targetProxy = 4A06C33D291007EC00189C6E /* PBXContainerItemProxy */;
		};
/* End PBXTargetDependency section */

/* Begin PBXVariantGroup section */
		4A06C322291007EB00189C6E /* Main.storyboard */ = {
			isa = PBXVariantGroup;
			children = (
				4A06C323291007EB00189C6E /* Base */,
			);
			name = Main.storyboard;
			sourceTree = "<group>";
		};
		4A06C32A291007EB00189C6E /* LaunchScreen.storyboard */ = {
			isa = PBXVariantGroup;
			children = (
				4A06C32B291007EB00189C6E /* Base */,
			);
			name = LaunchScreen.storyboard;
			sourceTree = "<group>";
		};
/* End PBXVariantGroup section */

/* Begin XCBuildConfiguration section */
		4A06C344291007EC00189C6E /* Debug */ = {
			isa = XCBuildConfiguration;
			buildSettings = {
				ALWAYS_SEARCH_USER_PATHS = NO;
				CLANG_ANALYZER_NONNULL = YES;
				CLANG_ANALYZER_NUMBER_OBJECT_CONVERSION = YES_AGGRESSIVE;
				CLANG_CXX_LANGUAGE_STANDARD = "gnu++20";
				CLANG_ENABLE_MODULES = YES;
				CLANG_ENABLE_OBJC_ARC = YES;
				CLANG_ENABLE_OBJC_WEAK = YES;
				CLANG_WARN_BLOCK_CAPTURE_AUTORELEASING = YES;
				CLANG_WARN_BOOL_CONVERSION = YES;
				CLANG_WARN_COMMA = YES;
				CLANG_WARN_CONSTANT_CONVERSION = YES;
				CLANG_WARN_DEPRECATED_OBJC_IMPLEMENTATIONS = YES;
				CLANG_WARN_DIRECT_OBJC_ISA_USAGE = YES_ERROR;
				CLANG_WARN_DOCUMENTATION_COMMENTS = YES;
				CLANG_WARN_EMPTY_BODY = YES;
				CLANG_WARN_ENUM_CONVERSION = YES;
				CLANG_WARN_INFINITE_RECURSION = YES;
				CLANG_WARN_INT_CONVERSION = YES;
				CLANG_WARN_NON_LITERAL_NULL_CONVERSION = YES;
				CLANG_WARN_OBJC_IMPLICIT_RETAIN_SELF = YES;
				CLANG_WARN_OBJC_LITERAL_CONVERSION = YES;
				CLANG_WARN_OBJC_ROOT_CLASS = YES_ERROR;
				CLANG_WARN_QUOTED_INCLUDE_IN_FRAMEWORK_HEADER = YES;
				CLANG_WARN_RANGE_LOOP_ANALYSIS = YES;
				CLANG_WARN_STRICT_PROTOTYPES = YES;
				CLANG_WARN_SUSPICIOUS_MOVE = YES;
				CLANG_WARN_UNGUARDED_AVAILABILITY = YES_AGGRESSIVE;
				CLANG_WARN_UNREACHABLE_CODE = YES;
				CLANG_WARN__DUPLICATE_METHOD_MATCH = YES;
				COPY_PHASE_STRIP = NO;
				DEBUG_INFORMATION_FORMAT = dwarf;
				ENABLE_STRICT_OBJC_MSGSEND = YES;
				ENABLE_TESTABILITY = YES;
				GCC_C_LANGUAGE_STANDARD = gnu11;
				GCC_DYNAMIC_NO_PIC = NO;
				GCC_NO_COMMON_BLOCKS = YES;
				GCC_OPTIMIZATION_LEVEL = 0;
				GCC_PREPROCESSOR_DEFINITIONS = (
					"DEBUG=1",
					"$(inherited)",
				);
				GCC_WARN_64_TO_32_BIT_CONVERSION = YES;
				GCC_WARN_ABOUT_RETURN_TYPE = YES_ERROR;
				GCC_WARN_UNDECLARED_SELECTOR = YES;
				GCC_WARN_UNINITIALIZED_AUTOS = YES_AGGRESSIVE;
				GCC_WARN_UNUSED_FUNCTION = YES;
				GCC_WARN_UNUSED_VARIABLE = YES;
				IPHONEOS_DEPLOYMENT_TARGET = 16.0;
				MTL_ENABLE_DEBUG_INFO = INCLUDE_SOURCE;
				MTL_FAST_MATH = YES;
				ONLY_ACTIVE_ARCH = YES;
				SDKROOT = iphoneos;
				SWIFT_ACTIVE_COMPILATION_CONDITIONS = DEBUG;
				SWIFT_OPTIMIZATION_LEVEL = "-Onone";
			};
			name = Debug;
		};
		4A06C345291007EC00189C6E /* Release */ = {
			isa = XCBuildConfiguration;
			buildSettings = {
				ALWAYS_SEARCH_USER_PATHS = NO;
				CLANG_ANALYZER_NONNULL = YES;
				CLANG_ANALYZER_NUMBER_OBJECT_CONVERSION = YES_AGGRESSIVE;
				CLANG_CXX_LANGUAGE_STANDARD = "gnu++20";
				CLANG_ENABLE_MODULES = YES;
				CLANG_ENABLE_OBJC_ARC = YES;
				CLANG_ENABLE_OBJC_WEAK = YES;
				CLANG_WARN_BLOCK_CAPTURE_AUTORELEASING = YES;
				CLANG_WARN_BOOL_CONVERSION = YES;
				CLANG_WARN_COMMA = YES;
				CLANG_WARN_CONSTANT_CONVERSION = YES;
				CLANG_WARN_DEPRECATED_OBJC_IMPLEMENTATIONS = YES;
				CLANG_WARN_DIRECT_OBJC_ISA_USAGE = YES_ERROR;
				CLANG_WARN_DOCUMENTATION_COMMENTS = YES;
				CLANG_WARN_EMPTY_BODY = YES;
				CLANG_WARN_ENUM_CONVERSION = YES;
				CLANG_WARN_INFINITE_RECURSION = YES;
				CLANG_WARN_INT_CONVERSION = YES;
				CLANG_WARN_NON_LITERAL_NULL_CONVERSION = YES;
				CLANG_WARN_OBJC_IMPLICIT_RETAIN_SELF = YES;
				CLANG_WARN_OBJC_LITERAL_CONVERSION = YES;
				CLANG_WARN_OBJC_ROOT_CLASS = YES_ERROR;
				CLANG_WARN_QUOTED_INCLUDE_IN_FRAMEWORK_HEADER = YES;
				CLANG_WARN_RANGE_LOOP_ANALYSIS = YES;
				CLANG_WARN_STRICT_PROTOTYPES = YES;
				CLANG_WARN_SUSPICIOUS_MOVE = YES;
				CLANG_WARN_UNGUARDED_AVAILABILITY = YES_AGGRESSIVE;
				CLANG_WARN_UNREACHABLE_CODE = YES;
				CLANG_WARN__DUPLICATE_METHOD_MATCH = YES;
				COPY_PHASE_STRIP = NO;
				DEBUG_INFORMATION_FORMAT = "dwarf-with-dsym";
				ENABLE_NS_ASSERTIONS = NO;
				ENABLE_STRICT_OBJC_MSGSEND = YES;
				GCC_C_LANGUAGE_STANDARD = gnu11;
				GCC_NO_COMMON_BLOCKS = YES;
				GCC_WARN_64_TO_32_BIT_CONVERSION = YES;
				GCC_WARN_ABOUT_RETURN_TYPE = YES_ERROR;
				GCC_WARN_UNDECLARED_SELECTOR = YES;
				GCC_WARN_UNINITIALIZED_AUTOS = YES_AGGRESSIVE;
				GCC_WARN_UNUSED_FUNCTION = YES;
				GCC_WARN_UNUSED_VARIABLE = YES;
				IPHONEOS_DEPLOYMENT_TARGET = 16.0;
				MTL_ENABLE_DEBUG_INFO = NO;
				MTL_FAST_MATH = YES;
				SDKROOT = iphoneos;
				SWIFT_COMPILATION_MODE = wholemodule;
				SWIFT_OPTIMIZATION_LEVEL = "-O";
				VALIDATE_PRODUCT = YES;
			};
			name = Release;
		};
		4A06C347291007EC00189C6E /* Debug */ = {
			isa = XCBuildConfiguration;
			buildSettings = {
				ASSETCATALOG_COMPILER_APPICON_NAME = AppIcon;
				ASSETCATALOG_COMPILER_GLOBAL_ACCENT_COLOR_NAME = AccentColor;
				CODE_SIGN_STYLE = Automatic;
				CURRENT_PROJECT_VERSION = 1;
				DEVELOPMENT_TEAM = G937682Z6T;
				GENERATE_INFOPLIST_FILE = YES;
				INFOPLIST_FILE = ShoppingCartProgram/Info.plist;
				INFOPLIST_KEY_UIApplicationSupportsIndirectInputEvents = YES;
				INFOPLIST_KEY_UILaunchStoryboardName = LaunchScreen;
				INFOPLIST_KEY_UIMainStoryboardFile = Main;
				INFOPLIST_KEY_UISupportedInterfaceOrientations_iPad = "UIInterfaceOrientationPortrait UIInterfaceOrientationPortraitUpsideDown UIInterfaceOrientationLandscapeLeft UIInterfaceOrientationLandscapeRight";
				INFOPLIST_KEY_UISupportedInterfaceOrientations_iPhone = "UIInterfaceOrientationPortrait UIInterfaceOrientationLandscapeLeft UIInterfaceOrientationLandscapeRight";
				LD_RUNPATH_SEARCH_PATHS = (
					"$(inherited)",
					"@executable_path/Frameworks",
				);
				MARKETING_VERSION = 1.0;
				PRODUCT_BUNDLE_IDENTIFIER = clc.ShoppingCartProgram;
				PRODUCT_NAME = "$(TARGET_NAME)";
				SWIFT_EMIT_LOC_STRINGS = YES;
				SWIFT_VERSION = 5.0;
				TARGETED_DEVICE_FAMILY = "1,2";
			};
			name = Debug;
		};
		4A06C348291007EC00189C6E /* Release */ = {
			isa = XCBuildConfiguration;
			buildSettings = {
				ASSETCATALOG_COMPILER_APPICON_NAME = AppIcon;
				ASSETCATALOG_COMPILER_GLOBAL_ACCENT_COLOR_NAME = AccentColor;
				CODE_SIGN_STYLE = Automatic;
				CURRENT_PROJECT_VERSION = 1;
				DEVELOPMENT_TEAM = G937682Z6T;
				GENERATE_INFOPLIST_FILE = YES;
				INFOPLIST_FILE = ShoppingCartProgram/Info.plist;
				INFOPLIST_KEY_UIApplicationSupportsIndirectInputEvents = YES;
				INFOPLIST_KEY_UILaunchStoryboardName = LaunchScreen;
				INFOPLIST_KEY_UIMainStoryboardFile = Main;
				INFOPLIST_KEY_UISupportedInterfaceOrientations_iPad = "UIInterfaceOrientationPortrait UIInterfaceOrientationPortraitUpsideDown UIInterfaceOrientationLandscapeLeft UIInterfaceOrientationLandscapeRight";
				INFOPLIST_KEY_UISupportedInterfaceOrientations_iPhone = "UIInterfaceOrientationPortrait UIInterfaceOrientationLandscapeLeft UIInterfaceOrientationLandscapeRight";
				LD_RUNPATH_SEARCH_PATHS = (
					"$(inherited)",
					"@executable_path/Frameworks",
				);
				MARKETING_VERSION = 1.0;
				PRODUCT_BUNDLE_IDENTIFIER = clc.ShoppingCartProgram;
				PRODUCT_NAME = "$(TARGET_NAME)";
				SWIFT_EMIT_LOC_STRINGS = YES;
				SWIFT_VERSION = 5.0;
				TARGETED_DEVICE_FAMILY = "1,2";
			};
			name = Release;
		};
		4A06C34A291007EC00189C6E /* Debug */ = {
			isa = XCBuildConfiguration;
			buildSettings = {
				ALWAYS_EMBED_SWIFT_STANDARD_LIBRARIES = YES;
				BUNDLE_LOADER = "$(TEST_HOST)";
				CODE_SIGN_STYLE = Automatic;
				CURRENT_PROJECT_VERSION = 1;
				DEVELOPMENT_TEAM = G937682Z6T;
				GENERATE_INFOPLIST_FILE = YES;
				IPHONEOS_DEPLOYMENT_TARGET = 16.0;
				MARKETING_VERSION = 1.0;
				PRODUCT_BUNDLE_IDENTIFIER = clc.ShoppingCartProgramTests;
				PRODUCT_NAME = "$(TARGET_NAME)";
				SWIFT_EMIT_LOC_STRINGS = NO;
				SWIFT_VERSION = 5.0;
				TARGETED_DEVICE_FAMILY = "1,2";
				TEST_HOST = "$(BUILT_PRODUCTS_DIR)/ShoppingCartProgram.app/$(BUNDLE_EXECUTABLE_FOLDER_PATH)/ShoppingCartProgram";
			};
			name = Debug;
		};
		4A06C34B291007EC00189C6E /* Release */ = {
			isa = XCBuildConfiguration;
			buildSettings = {
				ALWAYS_EMBED_SWIFT_STANDARD_LIBRARIES = YES;
				BUNDLE_LOADER = "$(TEST_HOST)";
				CODE_SIGN_STYLE = Automatic;
				CURRENT_PROJECT_VERSION = 1;
				DEVELOPMENT_TEAM = G937682Z6T;
				GENERATE_INFOPLIST_FILE = YES;
				IPHONEOS_DEPLOYMENT_TARGET = 16.0;
				MARKETING_VERSION = 1.0;
				PRODUCT_BUNDLE_IDENTIFIER = clc.ShoppingCartProgramTests;
				PRODUCT_NAME = "$(TARGET_NAME)";
				SWIFT_EMIT_LOC_STRINGS = NO;
				SWIFT_VERSION = 5.0;
				TARGETED_DEVICE_FAMILY = "1,2";
				TEST_HOST = "$(BUILT_PRODUCTS_DIR)/ShoppingCartProgram.app/$(BUNDLE_EXECUTABLE_FOLDER_PATH)/ShoppingCartProgram";
			};
			name = Release;
		};
		4A06C34D291007EC00189C6E /* Debug */ = {
			isa = XCBuildConfiguration;
			buildSettings = {
				ALWAYS_EMBED_SWIFT_STANDARD_LIBRARIES = YES;
				CODE_SIGN_STYLE = Automatic;
				CURRENT_PROJECT_VERSION = 1;
				DEVELOPMENT_TEAM = G937682Z6T;
				GENERATE_INFOPLIST_FILE = YES;
				MARKETING_VERSION = 1.0;
				PRODUCT_BUNDLE_IDENTIFIER = clc.ShoppingCartProgramUITests;
				PRODUCT_NAME = "$(TARGET_NAME)";
				SWIFT_EMIT_LOC_STRINGS = NO;
				SWIFT_VERSION = 5.0;
				TARGETED_DEVICE_FAMILY = "1,2";
				TEST_TARGET_NAME = ShoppingCartProgram;
			};
			name = Debug;
		};
		4A06C34E291007EC00189C6E /* Release */ = {
			isa = XCBuildConfiguration;
			buildSettings = {
				ALWAYS_EMBED_SWIFT_STANDARD_LIBRARIES = YES;
				CODE_SIGN_STYLE = Automatic;
				CURRENT_PROJECT_VERSION = 1;
				DEVELOPMENT_TEAM = G937682Z6T;
				GENERATE_INFOPLIST_FILE = YES;
				MARKETING_VERSION = 1.0;
				PRODUCT_BUNDLE_IDENTIFIER = clc.ShoppingCartProgramUITests;
				PRODUCT_NAME = "$(TARGET_NAME)";
				SWIFT_EMIT_LOC_STRINGS = NO;
				SWIFT_VERSION = 5.0;
				TARGETED_DEVICE_FAMILY = "1,2";
				TEST_TARGET_NAME = ShoppingCartProgram;
			};
			name = Release;
		};
/* End XCBuildConfiguration section */

/* Begin XCConfigurationList section */
		4A06C314291007EB00189C6E /* Build configuration list for PBXProject "ShoppingCartProgram" */ = {
			isa = XCConfigurationList;
			buildConfigurations = (
				4A06C344291007EC00189C6E /* Debug */,
				4A06C345291007EC00189C6E /* Release */,
			);
			defaultConfigurationIsVisible = 0;
			defaultConfigurationName = Release;
		};
		4A06C346291007EC00189C6E /* Build configuration list for PBXNativeTarget "ShoppingCartProgram" */ = {
			isa = XCConfigurationList;
			buildConfigurations = (
				4A06C347291007EC00189C6E /* Debug */,
				4A06C348291007EC00189C6E /* Release */,
			);
			defaultConfigurationIsVisible = 0;
			defaultConfigurationName = Release;
		};
		4A06C349291007EC00189C6E /* Build configuration list for PBXNativeTarget "ShoppingCartProgramTests" */ = {
			isa = XCConfigurationList;
			buildConfigurations = (
				4A06C34A291007EC00189C6E /* Debug */,
				4A06C34B291007EC00189C6E /* Release */,
			);
			defaultConfigurationIsVisible = 0;
			defaultConfigurationName = Release;
		};
		4A06C34C291007EC00189C6E /* Build configuration list for PBXNativeTarget "ShoppingCartProgramUITests" */ = {
			isa = XCConfigurationList;
			buildConfigurations = (
				4A06C34D291007EC00189C6E /* Debug */,
				4A06C34E291007EC00189C6E /* Release */,
			);
			defaultConfigurationIsVisible = 0;
			defaultConfigurationName = Release;
		};
/* End XCConfigurationList section */

/* Begin XCVersionGroup section */
		4A06C325291007EB00189C6E /* ShoppingCartProgram.xcdatamodeld */ = {
			isa = XCVersionGroup;
			children = (
				4A06C326291007EB00189C6E /* ShoppingCartProgram.xcdatamodel */,
			);
			currentVersion = 4A06C326291007EB00189C6E /* ShoppingCartProgram.xcdatamodel */;
			path = ShoppingCartProgram.xcdatamodeld;
			sourceTree = "<group>";
			versionGroupType = wrapper.xcdatamodel;
		};
/* End XCVersionGroup section */
	};
	rootObject = 4A06C311291007EB00189C6E /* Project object */;
}
